// !$*UTF8*$!
{
	archiveVersion = 1;
	classes = {
	};
	objectVersion = 77;
	objects = {

/* Begin PBXContainerItemProxy section */
		B5CDD4092DA216D100C76AD6 /* PBXContainerItemProxy */ = {
			isa = PBXContainerItemProxy;
			containerPortal = B5CDD3F32DA216CD00C76AD6 /* Project object */;
			proxyType = 1;
			remoteGlobalIDString = B5CDD3FA2DA216CD00C76AD6;
			remoteInfo = civeng190project;
		};
		B5CDD4132DA216D100C76AD6 /* PBXContainerItemProxy */ = {
			isa = PBXContainerItemProxy;
			containerPortal = B5CDD3F32DA216CD00C76AD6 /* Project object */;
			proxyType = 1;
			remoteGlobalIDString = B5CDD3FA2DA216CD00C76AD6;
			remoteInfo = civeng190project;
		};
/* End PBXContainerItemProxy section */

/* Begin PBXFileReference section */
		B5CDD3FB2DA216CD00C76AD6 /* civeng190project.app */ = {isa = PBXFileReference; explicitFileType = wrapper.application; includeInIndex = 0; path = civeng190project.app; sourceTree = BUILT_PRODUCTS_DIR; };
		B5CDD4082DA216D100C76AD6 /* civeng190projectTests.xctest */ = {isa = PBXFileReference; explicitFileType = wrapper.cfbundle; includeInIndex = 0; path = civeng190projectTests.xctest; sourceTree = BUILT_PRODUCTS_DIR; };
		B5CDD4122DA216D100C76AD6 /* civeng190projectUITests.xctest */ = {isa = PBXFileReference; explicitFileType = wrapper.cfbundle; includeInIndex = 0; path = civeng190projectUITests.xctest; sourceTree = BUILT_PRODUCTS_DIR; };
/* End PBXFileReference section */

/* Begin PBXFileSystemSynchronizedRootGroup section */
		B5CDD3FD2DA216CD00C76AD6 /* civeng190project */ = {
			isa = PBXFileSystemSynchronizedRootGroup;
			path = civeng190project;
			sourceTree = "<group>";
		};
		B5CDD40B2DA216D100C76AD6 /* civeng190projectTests */ = {
			isa = PBXFileSystemSynchronizedRootGroup;
			path = civeng190projectTests;
			sourceTree = "<group>";
		};
		B5CDD4152DA216D100C76AD6 /* civeng190projectUITests */ = {
			isa = PBXFileSystemSynchronizedRootGroup;
			path = civeng190projectUITests;
			sourceTree = "<group>";
		};
/* End PBXFileSystemSynchronizedRootGroup section */

/* Begin PBXFrameworksBuildPhase section */
		B5CDD3F82DA216CD00C76AD6 /* Frameworks */ = {
			isa = PBXFrameworksBuildPhase;
			buildActionMask = 2147483647;
			files = (
			);
			runOnlyForDeploymentPostprocessing = 0;
		};
		B5CDD4052DA216D100C76AD6 /* Frameworks */ = {
			isa = PBXFrameworksBuildPhase;
			buildActionMask = 2147483647;
			files = (
			);
			runOnlyForDeploymentPostprocessing = 0;
		};
		B5CDD40F2DA216D100C76AD6 /* Frameworks */ = {
			isa = PBXFrameworksBuildPhase;
			buildActionMask = 2147483647;
			files = (
			);
			runOnlyForDeploymentPostprocessing = 0;
		};
/* End PBXFrameworksBuildPhase section */

/* Begin PBXGroup section */
		B5CDD3F22DA216CD00C76AD6 = {
			isa = PBXGroup;
			children = (
				B5CDD3FD2DA216CD00C76AD6 /* civeng190project */,
				B5CDD40B2DA216D100C76AD6 /* civeng190projectTests */,
				B5CDD4152DA216D100C76AD6 /* civeng190projectUITests */,
				B5CDD3FC2DA216CD00C76AD6 /* Products */,
			);
			sourceTree = "<group>";
		};
		B5CDD3FC2DA216CD00C76AD6 /* Products */ = {
			isa = PBXGroup;
			children = (
				B5CDD3FB2DA216CD00C76AD6 /* civeng190project.app */,
				B5CDD4082DA216D100C76AD6 /* civeng190projectTests.xctest */,
				B5CDD4122DA216D100C76AD6 /* civeng190projectUITests.xctest */,
			);
			name = Products;
			sourceTree = "<group>";
		};
/* End PBXGroup section */

/* Begin PBXNativeTarget section */
		B5CDD3FA2DA216CD00C76AD6 /* civeng190project */ = {
			isa = PBXNativeTarget;
			buildConfigurationList = B5CDD41C2DA216D100C76AD6 /* Build configuration list for PBXNativeTarget "civeng190project" */;
			buildPhases = (
				B5CDD3F72DA216CD00C76AD6 /* Sources */,
				B5CDD3F82DA216CD00C76AD6 /* Frameworks */,
				B5CDD3F92DA216CD00C76AD6 /* Resources */,
			);
			buildRules = (
			);
			dependencies = (
			);
			fileSystemSynchronizedGroups = (
				B5CDD3FD2DA216CD00C76AD6 /* civeng190project */,
			);
			name = civeng190project;
			packageProductDependencies = (
			);
			productName = civeng190project;
			productReference = B5CDD3FB2DA216CD00C76AD6 /* civeng190project.app */;
			productType = "com.apple.product-type.application";
		};
		B5CDD4072DA216D100C76AD6 /* civeng190projectTests */ = {
			isa = PBXNativeTarget;
			buildConfigurationList = B5CDD41F2DA216D100C76AD6 /* Build configuration list for PBXNativeTarget "civeng190projectTests" */;
			buildPhases = (
				B5CDD4042DA216D100C76AD6 /* Sources */,
				B5CDD4052DA216D100C76AD6 /* Frameworks */,
				B5CDD4062DA216D100C76AD6 /* Resources */,
			);
			buildRules = (
			);
			dependencies = (
				B5CDD40A2DA216D100C76AD6 /* PBXTargetDependency */,
			);
			fileSystemSynchronizedGroups = (
				B5CDD40B2DA216D100C76AD6 /* civeng190projectTests */,
			);
			name = civeng190projectTests;
			packageProductDependencies = (
			);
			productName = civeng190projectTests;
			productReference = B5CDD4082DA216D100C76AD6 /* civeng190projectTests.xctest */;
			productType = "com.apple.product-type.bundle.unit-test";
		};
		B5CDD4112DA216D100C76AD6 /* civeng190projectUITests */ = {
			isa = PBXNativeTarget;
			buildConfigurationList = B5CDD4222DA216D100C76AD6 /* Build configuration list for PBXNativeTarget "civeng190projectUITests" */;
			buildPhases = (
				B5CDD40E2DA216D100C76AD6 /* Sources */,
				B5CDD40F2DA216D100C76AD6 /* Frameworks */,
				B5CDD4102DA216D100C76AD6 /* Resources */,
			);
			buildRules = (
			);
			dependencies = (
				B5CDD4142DA216D100C76AD6 /* PBXTargetDependency */,
			);
			fileSystemSynchronizedGroups = (
				B5CDD4152DA216D100C76AD6 /* civeng190projectUITests */,
			);
			name = civeng190projectUITests;
			packageProductDependencies = (
			);
			productName = civeng190projectUITests;
			productReference = B5CDD4122DA216D100C76AD6 /* civeng190projectUITests.xctest */;
			productType = "com.apple.product-type.bundle.ui-testing";
		};
/* End PBXNativeTarget section */

/* Begin PBXProject section */
		B5CDD3F32DA216CD00C76AD6 /* Project object */ = {
			isa = PBXProject;
			attributes = {
				BuildIndependentTargetsInParallel = 1;
				LastSwiftUpdateCheck = 1630;
				LastUpgradeCheck = 1630;
				TargetAttributes = {
					B5CDD3FA2DA216CD00C76AD6 = {
						CreatedOnToolsVersion = 16.3;
					};
					B5CDD4072DA216D100C76AD6 = {
						CreatedOnToolsVersion = 16.3;
						TestTargetID = B5CDD3FA2DA216CD00C76AD6;
					};
					B5CDD4112DA216D100C76AD6 = {
						CreatedOnToolsVersion = 16.3;
						TestTargetID = B5CDD3FA2DA216CD00C76AD6;
					};
				};
			};
			buildConfigurationList = B5CDD3F62DA216CD00C76AD6 /* Build configuration list for PBXProject "civeng190project" */;
			developmentRegion = en;
			hasScannedForEncodings = 0;
			knownRegions = (
				en,
				Base,
			);
			mainGroup = B5CDD3F22DA216CD00C76AD6;
			minimizedProjectReferenceProxies = 1;
			preferredProjectObjectVersion = 77;
			productRefGroup = B5CDD3FC2DA216CD00C76AD6 /* Products */;
			projectDirPath = "";
			projectRoot = "";
			targets = (
				B5CDD3FA2DA216CD00C76AD6 /* civeng190project */,
				B5CDD4072DA216D100C76AD6 /* civeng190projectTests */,
				B5CDD4112DA216D100C76AD6 /* civeng190projectUITests */,
			);
		};
/* End PBXProject section */

/* Begin PBXResourcesBuildPhase section */
		B5CDD3F92DA216CD00C76AD6 /* Resources */ = {
			isa = PBXResourcesBuildPhase;
			buildActionMask = 2147483647;
			files = (
			);
			runOnlyForDeploymentPostprocessing = 0;
		};
		B5CDD4062DA216D100C76AD6 /* Resources */ = {
			isa = PBXResourcesBuildPhase;
			buildActionMask = 2147483647;
			files = (
			);
			runOnlyForDeploymentPostprocessing = 0;
		};
		B5CDD4102DA216D100C76AD6 /* Resources */ = {
			isa = PBXResourcesBuildPhase;
			buildActionMask = 2147483647;
			files = (
			);
			runOnlyForDeploymentPostprocessing = 0;
		};
/* End PBXResourcesBuildPhase section */

/* Begin PBXSourcesBuildPhase section */
		B5CDD3F72DA216CD00C76AD6 /* Sources */ = {
			isa = PBXSourcesBuildPhase;
			buildActionMask = 2147483647;
			files = (
			);
			runOnlyForDeploymentPostprocessing = 0;
		};
		B5CDD4042DA216D100C76AD6 /* Sources */ = {
			isa = PBXSourcesBuildPhase;
			buildActionMask = 2147483647;
			files = (
			);
			runOnlyForDeploymentPostprocessing = 0;
		};
		B5CDD40E2DA216D100C76AD6 /* Sources */ = {
			isa = PBXSourcesBuildPhase;
			buildActionMask = 2147483647;
			files = (
			);
			runOnlyForDeploymentPostprocessing = 0;
		};
/* End PBXSourcesBuildPhase section */

/* Begin PBXTargetDependency section */
		B5CDD40A2DA216D100C76AD6 /* PBXTargetDependency */ = {
			isa = PBXTargetDependency;
			target = B5CDD3FA2DA216CD00C76AD6 /* civeng190project */;
			targetProxy = B5CDD4092DA216D100C76AD6 /* PBXContainerItemProxy */;
		};
		B5CDD4142DA216D100C76AD6 /* PBXTargetDependency */ = {
			isa = PBXTargetDependency;
			target = B5CDD3FA2DA216CD00C76AD6 /* civeng190project */;
			targetProxy = B5CDD4132DA216D100C76AD6 /* PBXContainerItemProxy */;
		};
/* End PBXTargetDependency section */

/* Begin XCBuildConfiguration section */
		B5CDD41A2DA216D100C76AD6 /* Debug */ = {
			isa = XCBuildConfiguration;
			buildSettings = {
				ALWAYS_SEARCH_USER_PATHS = NO;
				ASSETCATALOG_COMPILER_GENERATE_SWIFT_ASSET_SYMBOL_EXTENSIONS = YES;
				CLANG_ANALYZER_NONNULL = YES;
				CLANG_ANALYZER_NUMBER_OBJECT_CONVERSION = YES_AGGRESSIVE;
				CLANG_CXX_LANGUAGE_STANDARD = "gnu++20";
				CLANG_ENABLE_MODULES = YES;
				CLANG_ENABLE_OBJC_ARC = YES;
				CLANG_ENABLE_OBJC_WEAK = YES;
				CLANG_WARN_BLOCK_CAPTURE_AUTORELEASING = YES;
				CLANG_WARN_BOOL_CONVERSION = YES;
				CLANG_WARN_COMMA = YES;
				CLANG_WARN_CONSTANT_CONVERSION = YES;
				CLANG_WARN_DEPRECATED_OBJC_IMPLEMENTATIONS = YES;
				CLANG_WARN_DIRECT_OBJC_ISA_USAGE = YES_ERROR;
				CLANG_WARN_DOCUMENTATION_COMMENTS = YES;
				CLANG_WARN_EMPTY_BODY = YES;
				CLANG_WARN_ENUM_CONVERSION = YES;
				CLANG_WARN_INFINITE_RECURSION = YES;
				CLANG_WARN_INT_CONVERSION = YES;
				CLANG_WARN_NON_LITERAL_NULL_CONVERSION = YES;
				CLANG_WARN_OBJC_IMPLICIT_RETAIN_SELF = YES;
				CLANG_WARN_OBJC_LITERAL_CONVERSION = YES;
				CLANG_WARN_OBJC_ROOT_CLASS = YES_ERROR;
				CLANG_WARN_QUOTED_INCLUDE_IN_FRAMEWORK_HEADER = YES;
				CLANG_WARN_RANGE_LOOP_ANALYSIS = YES;
				CLANG_WARN_STRICT_PROTOTYPES = YES;
				CLANG_WARN_SUSPICIOUS_MOVE = YES;
				CLANG_WARN_UNGUARDED_AVAILABILITY = YES_AGGRESSIVE;
				CLANG_WARN_UNREACHABLE_CODE = YES;
				CLANG_WARN__DUPLICATE_METHOD_MATCH = YES;
				COPY_PHASE_STRIP = NO;
				DEBUG_INFORMATION_FORMAT = dwarf;
				ENABLE_STRICT_OBJC_MSGSEND = YES;
				ENABLE_TESTABILITY = YES;
				ENABLE_USER_SCRIPT_SANDBOXING = YES;
				GCC_C_LANGUAGE_STANDARD = gnu17;
				GCC_DYNAMIC_NO_PIC = NO;
				GCC_NO_COMMON_BLOCKS = YES;
				GCC_OPTIMIZATION_LEVEL = 0;
				GCC_PREPROCESSOR_DEFINITIONS = (
					"DEBUG=1",
					"$(inherited)",
				);
				GCC_WARN_64_TO_32_BIT_CONVERSION = YES;
				GCC_WARN_ABOUT_RETURN_TYPE = YES_ERROR;
				GCC_WARN_UNDECLARED_SELECTOR = YES;
				GCC_WARN_UNINITIALIZED_AUTOS = YES_AGGRESSIVE;
				GCC_WARN_UNUSED_FUNCTION = YES;
				GCC_WARN_UNUSED_VARIABLE = YES;
				IPHONEOS_DEPLOYMENT_TARGET = 18.4;
				LOCALIZATION_PREFERS_STRING_CATALOGS = YES;
				MTL_ENABLE_DEBUG_INFO = INCLUDE_SOURCE;
				MTL_FAST_MATH = YES;
				ONLY_ACTIVE_ARCH = YES;
				SDKROOT = iphoneos;
				SWIFT_ACTIVE_COMPILATION_CONDITIONS = "DEBUG $(inherited)";
				SWIFT_OPTIMIZATION_LEVEL = "-Onone";
			};
			name = Debug;
		};
		B5CDD41B2DA216D100C76AD6 /* Release */ = {
			isa = XCBuildConfiguration;
			buildSettings = {
				ALWAYS_SEARCH_USER_PATHS = NO;
				ASSETCATALOG_COMPILER_GENERATE_SWIFT_ASSET_SYMBOL_EXTENSIONS = YES;
				CLANG_ANALYZER_NONNULL = YES;
				CLANG_ANALYZER_NUMBER_OBJECT_CONVERSION = YES_AGGRESSIVE;
				CLANG_CXX_LANGUAGE_STANDARD = "gnu++20";
				CLANG_ENABLE_MODULES = YES;
				CLANG_ENABLE_OBJC_ARC = YES;
				CLANG_ENABLE_OBJC_WEAK = YES;
				CLANG_WARN_BLOCK_CAPTURE_AUTORELEASING = YES;
				CLANG_WARN_BOOL_CONVERSION = YES;
				CLANG_WARN_COMMA = YES;
				CLANG_WARN_CONSTANT_CONVERSION = YES;
				CLANG_WARN_DEPRECATED_OBJC_IMPLEMENTATIONS = YES;
				CLANG_WARN_DIRECT_OBJC_ISA_USAGE = YES_ERROR;
				CLANG_WARN_DOCUMENTATION_COMMENTS = YES;
				CLANG_WARN_EMPTY_BODY = YES;
				CLANG_WARN_ENUM_CONVERSION = YES;
				CLANG_WARN_INFINITE_RECURSION = YES;
				CLANG_WARN_INT_CONVERSION = YES;
				CLANG_WARN_NON_LITERAL_NULL_CONVERSION = YES;
				CLANG_WARN_OBJC_IMPLICIT_RETAIN_SELF = YES;
				CLANG_WARN_OBJC_LITERAL_CONVERSION = YES;
				CLANG_WARN_OBJC_ROOT_CLASS = YES_ERROR;
				CLANG_WARN_QUOTED_INCLUDE_IN_FRAMEWORK_HEADER = YES;
				CLANG_WARN_RANGE_LOOP_ANALYSIS = YES;
				CLANG_WARN_STRICT_PROTOTYPES = YES;
				CLANG_WARN_SUSPICIOUS_MOVE = YES;
				CLANG_WARN_UNGUARDED_AVAILABILITY = YES_AGGRESSIVE;
				CLANG_WARN_UNREACHABLE_CODE = YES;
				CLANG_WARN__DUPLICATE_METHOD_MATCH = YES;
				COPY_PHASE_STRIP = NO;
				DEBUG_INFORMATION_FORMAT = "dwarf-with-dsym";
				ENABLE_NS_ASSERTIONS = NO;
				ENABLE_STRICT_OBJC_MSGSEND = YES;
				ENABLE_USER_SCRIPT_SANDBOXING = YES;
				GCC_C_LANGUAGE_STANDARD = gnu17;
				GCC_NO_COMMON_BLOCKS = YES;
				GCC_WARN_64_TO_32_BIT_CONVERSION = YES;
				GCC_WARN_ABOUT_RETURN_TYPE = YES_ERROR;
				GCC_WARN_UNDECLARED_SELECTOR = YES;
				GCC_WARN_UNINITIALIZED_AUTOS = YES_AGGRESSIVE;
				GCC_WARN_UNUSED_FUNCTION = YES;
				GCC_WARN_UNUSED_VARIABLE = YES;
				IPHONEOS_DEPLOYMENT_TARGET = 18.4;
				LOCALIZATION_PREFERS_STRING_CATALOGS = YES;
				MTL_ENABLE_DEBUG_INFO = NO;
				MTL_FAST_MATH = YES;
				SDKROOT = iphoneos;
				SWIFT_COMPILATION_MODE = wholemodule;
				VALIDATE_PRODUCT = YES;
			};
			name = Release;
		};
		B5CDD41D2DA216D100C76AD6 /* Debug */ = {
			isa = XCBuildConfiguration;
			buildSettings = {
				ASSETCATALOG_COMPILER_APPICON_NAME = AppIcon;
				ASSETCATALOG_COMPILER_GLOBAL_ACCENT_COLOR_NAME = AccentColor;
				CODE_SIGN_STYLE = Automatic;
				CURRENT_PROJECT_VERSION = 1;
				ENABLE_PREVIEWS = YES;
				GENERATE_INFOPLIST_FILE = YES;
				INFOPLIST_KEY_UIApplicationSceneManifest_Generation = YES;
				INFOPLIST_KEY_UIApplicationSupportsIndirectInputEvents = YES;
				INFOPLIST_KEY_UILaunchScreen_Generation = YES;
				INFOPLIST_KEY_UISupportedInterfaceOrientations_iPad = "UIInterfaceOrientationPortrait UIInterfaceOrientationPortraitUpsideDown UIInterfaceOrientationLandscapeLeft UIInterfaceOrientationLandscapeRight";
				INFOPLIST_KEY_UISupportedInterfaceOrientations_iPhone = "UIInterfaceOrientationPortrait UIInterfaceOrientationLandscapeLeft UIInterfaceOrientationLandscapeRight";
				IPHONEOS_DEPLOYMENT_TARGET = 18.0;
				LD_RUNPATH_SEARCH_PATHS = (
					"$(inherited)",
					"@executable_path/Frameworks",
				);
				MARKETING_VERSION = 1.0;
				PRODUCT_BUNDLE_IDENTIFIER = jj.civeng190project;
				PRODUCT_NAME = "$(TARGET_NAME)";
				SWIFT_EMIT_LOC_STRINGS = YES;
				SWIFT_VERSION = 5.0;
				TARGETED_DEVICE_FAMILY = "1,2";
			};
			name = Debug;
		};
		B5CDD41E2DA216D100C76AD6 /* Release */ = {
			isa = XCBuildConfiguration;
			buildSettings = {
				ASSETCATALOG_COMPILER_APPICON_NAME = AppIcon;
				ASSETCATALOG_COMPILER_GLOBAL_ACCENT_COLOR_NAME = AccentColor;
				CODE_SIGN_STYLE = Automatic;
				CURRENT_PROJECT_VERSION = 1;
				ENABLE_PREVIEWS = YES;
				GENERATE_INFOPLIST_FILE = YES;
				INFOPLIST_KEY_UIApplicationSceneManifest_Generation = YES;
				INFOPLIST_KEY_UIApplicationSupportsIndirectInputEvents = YES;
				INFOPLIST_KEY_UILaunchScreen_Generation = YES;
				INFOPLIST_KEY_UISupportedInterfaceOrientations_iPad = "UIInterfaceOrientationPortrait UIInterfaceOrientationPortraitUpsideDown UIInterfaceOrientationLandscapeLeft UIInterfaceOrientationLandscapeRight";
				INFOPLIST_KEY_UISupportedInterfaceOrientations_iPhone = "UIInterfaceOrientationPortrait UIInterfaceOrientationLandscapeLeft UIInterfaceOrientationLandscapeRight";
				IPHONEOS_DEPLOYMENT_TARGET = 18.0;
				LD_RUNPATH_SEARCH_PATHS = (
					"$(inherited)",
					"@executable_path/Frameworks",
				);
				MARKETING_VERSION = 1.0;
				PRODUCT_BUNDLE_IDENTIFIER = jj.civeng190project;
				PRODUCT_NAME = "$(TARGET_NAME)";
				SWIFT_EMIT_LOC_STRINGS = YES;
				SWIFT_VERSION = 5.0;
				TARGETED_DEVICE_FAMILY = "1,2";
			};
			name = Release;
		};
		B5CDD4202DA216D100C76AD6 /* Debug */ = {
			isa = XCBuildConfiguration;
			buildSettings = {
				BUNDLE_LOADER = "$(TEST_HOST)";
				CODE_SIGN_STYLE = Automatic;
				CURRENT_PROJECT_VERSION = 1;
				GENERATE_INFOPLIST_FILE = YES;
				IPHONEOS_DEPLOYMENT_TARGET = 18.0;
				MARKETING_VERSION = 1.0;
				PRODUCT_BUNDLE_IDENTIFIER = jj.civeng190projectTests;
				PRODUCT_NAME = "$(TARGET_NAME)";
				SWIFT_EMIT_LOC_STRINGS = NO;
				SWIFT_VERSION = 5.0;
				TARGETED_DEVICE_FAMILY = "1,2";
				TEST_HOST = "$(BUILT_PRODUCTS_DIR)/civeng190project.app/$(BUNDLE_EXECUTABLE_FOLDER_PATH)/civeng190project";
			};
			name = Debug;
		};
		B5CDD4212DA216D100C76AD6 /* Release */ = {
			isa = XCBuildConfiguration;
			buildSettings = {
				BUNDLE_LOADER = "$(TEST_HOST)";
				CODE_SIGN_STYLE = Automatic;
				CURRENT_PROJECT_VERSION = 1;
				GENERATE_INFOPLIST_FILE = YES;
				IPHONEOS_DEPLOYMENT_TARGET = 18.0;
				MARKETING_VERSION = 1.0;
				PRODUCT_BUNDLE_IDENTIFIER = jj.civeng190projectTests;
				PRODUCT_NAME = "$(TARGET_NAME)";
				SWIFT_EMIT_LOC_STRINGS = NO;
				SWIFT_VERSION = 5.0;
				TARGETED_DEVICE_FAMILY = "1,2";
				TEST_HOST = "$(BUILT_PRODUCTS_DIR)/civeng190project.app/$(BUNDLE_EXECUTABLE_FOLDER_PATH)/civeng190project";
			};
			name = Release;
		};
		B5CDD4232DA216D100C76AD6 /* Debug */ = {
			isa = XCBuildConfiguration;
			buildSettings = {
				CODE_SIGN_STYLE = Automatic;
				CURRENT_PROJECT_VERSION = 1;
				GENERATE_INFOPLIST_FILE = YES;
				IPHONEOS_DEPLOYMENT_TARGET = 18.0;
				MARKETING_VERSION = 1.0;
				PRODUCT_BUNDLE_IDENTIFIER = jj.civeng190projectUITests;
				PRODUCT_NAME = "$(TARGET_NAME)";
				SWIFT_EMIT_LOC_STRINGS = NO;
				SWIFT_VERSION = 5.0;
				TARGETED_DEVICE_FAMILY = "1,2";
				TEST_TARGET_NAME = civeng190project;
			};
			name = Debug;
		};
		B5CDD4242DA216D100C76AD6 /* Release */ = {
			isa = XCBuildConfiguration;
			buildSettings = {
				CODE_SIGN_STYLE = Automatic;
				CURRENT_PROJECT_VERSION = 1;
				GENERATE_INFOPLIST_FILE = YES;
				IPHONEOS_DEPLOYMENT_TARGET = 18.0;
				MARKETING_VERSION = 1.0;
				PRODUCT_BUNDLE_IDENTIFIER = jj.civeng190projectUITests;
				PRODUCT_NAME = "$(TARGET_NAME)";
				SWIFT_EMIT_LOC_STRINGS = NO;
				SWIFT_VERSION = 5.0;
				TARGETED_DEVICE_FAMILY = "1,2";
				TEST_TARGET_NAME = civeng190project;
			};
			name = Release;
		};
/* End XCBuildConfiguration section */

/* Begin XCConfigurationList section */
		B5CDD3F62DA216CD00C76AD6 /* Build configuration list for PBXProject "civeng190project" */ = {
			isa = XCConfigurationList;
			buildConfigurations = (
				B5CDD41A2DA216D100C76AD6 /* Debug */,
				B5CDD41B2DA216D100C76AD6 /* Release */,
			);
			defaultConfigurationIsVisible = 0;
			defaultConfigurationName = Release;
		};
		B5CDD41C2DA216D100C76AD6 /* Build configuration list for PBXNativeTarget "civeng190project" */ = {
			isa = XCConfigurationList;
			buildConfigurations = (
				B5CDD41D2DA216D100C76AD6 /* Debug */,
				B5CDD41E2DA216D100C76AD6 /* Release */,
			);
			defaultConfigurationIsVisible = 0;
			defaultConfigurationName = Release;
		};
		B5CDD41F2DA216D100C76AD6 /* Build configuration list for PBXNativeTarget "civeng190projectTests" */ = {
			isa = XCConfigurationList;
			buildConfigurations = (
				B5CDD4202DA216D100C76AD6 /* Debug */,
				B5CDD4212DA216D100C76AD6 /* Release */,
			);
			defaultConfigurationIsVisible = 0;
			defaultConfigurationName = Release;
		};
		B5CDD4222DA216D100C76AD6 /* Build configuration list for PBXNativeTarget "civeng190projectUITests" */ = {
			isa = XCConfigurationList;
			buildConfigurations = (
				B5CDD4232DA216D100C76AD6 /* Debug */,
				B5CDD4242DA216D100C76AD6 /* Release */,
			);
			defaultConfigurationIsVisible = 0;
			defaultConfigurationName = Release;
		};
/* End XCConfigurationList section */
	};
	rootObject = B5CDD3F32DA216CD00C76AD6 /* Project object */;
}
